
Microsoft Visual Studio Solution File, Format Version 11.00
# Visual Studio 2010
Project("{FAE04EC0-301F-11D3-BF4B-00C04F79EFBC}") = "Unity.RenderPipelines.Universal.Runtime", "Unity.RenderPipelines.Universal.Runtime.csproj", "{a59d267a-e87d-f0a7-5e38-eb38125bc531}"
EndProject
Project("{FAE04EC0-301F-11D3-BF4B-00C04F79EFBC}") = "Unity.ProBuilder", "Unity.ProBuilder.csproj", "{fc5f64ab-3bed-1143-66c0-cd3cd14d65a4}"
EndProject
Project("{FAE04EC0-301F-11D3-BF4B-00C04F79EFBC}") = "UnityEngine.TestRunner", "UnityEngine.TestRunner.csproj", "{bbcfad1b-f6ca-1327-e54a-9275dfd9ca60}"
EndProject
Project("{FAE04EC0-301F-11D3-BF4B-00C04F79EFBC}") = "Unity.Postprocessing.Runtime", "Unity.Postprocessing.Runtime.csproj", "{8792754f-12c6-e32c-7131-955a0256f645}"
EndProject
Project("{FAE04EC0-301F-11D3-BF4B-00C04F79EFBC}") = "Unity.Animation.Rigging", "Unity.Animation.Rigging.csproj", "{8e1c0b1d-0e96-c3c1-d4e5-a6334c23965a}"
EndProject
Project("{FAE04EC0-301F-11D3-BF4B-00C04F79EFBC}") = "Assembly-CSharp", "Assembly-CSharp.csproj", "{0c062b7b-cfed-ecc8-e267-dd17bc1ed0ac}"
EndProject
Project("{FAE04EC0-301F-11D3-BF4B-00C04F79EFBC}") = "UnityEngine.UI", "UnityEngine.UI.csproj", "{594d0a24-a5c5-9891-20ed-5c6bc4340f2d}"
EndProject
Project("{FAE04EC0-301F-11D3-BF4B-00C04F79EFBC}") = "Unity.TextMeshPro", "Unity.TextMeshPro.csproj", "{1901ed34-b7da-1cff-4027-707ea9d9f0ff}"
EndProject
Project("{FAE04EC0-301F-11D3-BF4B-00C04F79EFBC}") = "Unity.Timeline", "Unity.Timeline.csproj", "{af31bd39-761c-30d0-61e4-21c0e146305a}"
EndProject
Project("{FAE04EC0-301F-11D3-BF4B-00C04F79EFBC}") = "Unity.Mathematics", "Unity.Mathematics.csproj", "{c64e7c31-9c9c-f941-9ba3-e2719194c414}"
EndProject
Project("{FAE04EC0-301F-11D3-BF4B-00C04F79EFBC}") = "Unity.RenderPipelines.Core.Runtime", "Unity.RenderPipelines.Core.Runtime.csproj", "{f09aabc7-4d2b-791e-82cf-1c97a4fd4086}"
EndProject
Project("{FAE04EC0-301F-11D3-BF4B-00C04F79EFBC}") = "Unity.ProBuilder.Poly2Tri", "Unity.ProBuilder.Poly2Tri.csproj", "{f120dbd6-34f4-7060-5a98-6cc3084246e0}"
EndProject
Project("{FAE04EC0-301F-11D3-BF4B-00C04F79EFBC}") = "Unity.ProBuilder.KdTree", "Unity.ProBuilder.KdTree.csproj", "{0b279157-0363-8241-a654-2c5b5e715c57}"
EndProject
Project("{FAE04EC0-301F-11D3-BF4B-00C04F79EFBC}") = "Unity.ProBuilder.Stl", "Unity.ProBuilder.Stl.csproj", "{e185b43f-efcb-9617-170b-967fa6011770}"
EndProject
Project("{FAE04EC0-301F-11D3-BF4B-00C04F79EFBC}") = "Unity.Burst", "Unity.Burst.csproj", "{8410f9cf-8c55-35f2-6dcc-1d7f12fc2ac7}"
EndProject
Project("{FAE04EC0-301F-11D3-BF4B-00C04F79EFBC}") = "Unity.RenderPipelines.ShaderGraph.ShaderGraphLibrary", "Unity.RenderPipelines.ShaderGraph.ShaderGraphLibrary.csproj", "{326445b4-23eb-9109-518d-3727c9e88738}"
EndProject
Project("{FAE04EC0-301F-11D3-BF4B-00C04F79EFBC}") = "Unity.RenderPipeline.Universal.ShaderLibrary", "Unity.RenderPipeline.Universal.ShaderLibrary.csproj", "{33ae32d0-b1a3-be95-0d42-d1338d93c7b3}"
EndProject
Project("{FAE04EC0-301F-11D3-BF4B-00C04F79EFBC}") = "Unity.RenderPipelines.Core.ShaderLibrary", "Unity.RenderPipelines.Core.ShaderLibrary.csproj", "{243d935d-a461-11eb-4c08-34b51cd34482}"
EndProject
Project("{FAE04EC0-301F-11D3-BF4B-00C04F79EFBC}") = "Unity.RenderPipelines.Universal.Shaders", "Unity.RenderPipelines.Universal.Shaders.csproj", "{27e5691a-1c9d-8597-0c0d-023406691e1d}"
EndProject
Project("{FAE04EC0-301F-11D3-BF4B-00C04F79EFBC}") = "Unity.ProBuilder.Editor", "Unity.ProBuilder.Editor.csproj", "{c94d9984-fbb0-7b90-8bd5-9832017545fb}"
EndProject
Project("{FAE04EC0-301F-11D3-BF4B-00C04F79EFBC}") = "Unity.ShaderGraph.Editor", "Unity.ShaderGraph.Editor.csproj", "{2b74baf5-8496-a223-019c-3c310198c77e}"
EndProject
Project("{FAE04EC0-301F-11D3-BF4B-00C04F79EFBC}") = "Unity.TextMeshPro.Editor", "Unity.TextMeshPro.Editor.csproj", "{1f3feede-c91d-5d62-35c8-4501fa624a5b}"
EndProject
Project("{FAE04EC0-301F-11D3-BF4B-00C04F79EFBC}") = "Unity.Timeline.Editor", "Unity.Timeline.Editor.csproj", "{8c088ce0-c54f-b0cf-4e43-24207e9d2c3b}"
EndProject
Project("{FAE04EC0-301F-11D3-BF4B-00C04F79EFBC}") = "UnityEditor.TestRunner", "UnityEditor.TestRunner.csproj", "{a7aa89c8-7486-62c5-d692-d671c210b6ac}"
EndProject
Project("{FAE04EC0-301F-11D3-BF4B-00C04F79EFBC}") = "Unity.Animation.Rigging.Editor", "Unity.Animation.Rigging.Editor.csproj", "{d29d582d-dab1-404f-1dba-6e234bae4676}"
EndProject
Project("{FAE04EC0-301F-11D3-BF4B-00C04F79EFBC}") = "Unity.RenderPipelines.Universal.Editor", "Unity.RenderPipelines.Universal.Editor.csproj", "{18f23d40-3c51-0227-88b4-e4f1ff0d09af}"
EndProject
Project("{FAE04EC0-301F-11D3-BF4B-00C04F79EFBC}") = "Unity.Settings.Editor", "Unity.Settings.Editor.csproj", "{5c796ff7-2e6e-e0a3-542f-d87f22d98914}"
EndProject
Project("{FAE04EC0-301F-11D3-BF4B-00C04F79EFBC}") = "Unity.2D.Sprite.Editor", "Unity.2D.Sprite.Editor.csproj", "{ebeeeae8-2917-1409-3bcf-556324738173}"
EndProject
Project("{FAE04EC0-301F-11D3-BF4B-00C04F79EFBC}") = "UnityEditor.UI", "UnityEditor.UI.csproj", "{99f2055c-158e-39e9-4d4b-31add0cb54fa}"
EndProject
Project("{FAE04EC0-301F-11D3-BF4B-00C04F79EFBC}") = "Unity.Rider.Editor", "Unity.Rider.Editor.csproj", "{7b2bf52d-e73e-327f-d508-17437837b5fe}"
EndProject
Project("{FAE04EC0-301F-11D3-BF4B-00C04F79EFBC}") = "Unity.RenderPipelines.Core.Editor", "Unity.RenderPipelines.Core.Editor.csproj", "{cbb739f8-b110-becc-fce5-26821d5b25df}"
EndProject
Project("{FAE04EC0-301F-11D3-BF4B-00C04F79EFBC}") = "Unity.Postprocessing.Editor", "Unity.Postprocessing.Editor.csproj", "{c3707dfd-2943-31b5-bfc8-67789623fa4a}"
EndProject
Project("{FAE04EC0-301F-11D3-BF4B-00C04F79EFBC}") = "Unity.CollabProxy.Editor", "Unity.CollabProxy.Editor.csproj", "{422b2b80-77bb-6608-ff25-7041487cbeca}"
EndProject
Project("{FAE04EC0-301F-11D3-BF4B-00C04F79EFBC}") = "Assembly-CSharp-Editor", "Assembly-CSharp-Editor.csproj", "{045bcf6a-d6b2-83a9-1413-f335eda1aef4}"
EndProject
Project("{FAE04EC0-301F-11D3-BF4B-00C04F79EFBC}") = "Unity.ProBuilder.AssetIdRemapUtility", "Unity.ProBuilder.AssetIdRemapUtility.csproj", "{8e3dca2c-a45d-1cca-449a-7edc1cbfe394}"
EndProject
Project("{FAE04EC0-301F-11D3-BF4B-00C04F79EFBC}") = "Unity.VSCode.Editor", "Unity.VSCode.Editor.csproj", "{06542045-f4cb-559c-aa82-48fbbd37d963}"
EndProject
Project("{FAE04EC0-301F-11D3-BF4B-00C04F79EFBC}") = "Unity.Burst.Editor", "Unity.Burst.Editor.csproj", "{12b3156e-1dc0-d716-d72f-c4a3edae9232}"
EndProject
Project("{FAE04EC0-301F-11D3-BF4B-00C04F79EFBC}") = "Unity.ShaderGraph.Utilities", "Unity.ShaderGraph.Utilities.csproj", "{c54b6318-b57c-9c5c-e517-a0bfa32b4243}"
EndProject
Project("{FAE04EC0-301F-11D3-BF4B-00C04F79EFBC}") = "Unity.Mathematics.Editor", "Unity.Mathematics.Editor.csproj", "{1fbbeb8c-0458-8508-9323-c38319fc9c7c}"
EndProject
Project("{FAE04EC0-301F-11D3-BF4B-00C04F79EFBC}") = "Unity.ProBuilder.AddOns.Editor", "Unity.ProBuilder.AddOns.Editor.csproj", "{eadbc660-0fc9-d6f7-3d0d-ca58588309e2}"
EndProject
Global
	GlobalSection(SolutionConfigurationPlatforms) = preSolution
		Debug|Any CPU = Debug|Any CPU
		Release|Any CPU = Release|Any CPU
	EndGlobalSection
	GlobalSection(ProjectConfigurationPlatforms) = postSolution
		{a59d267a-e87d-f0a7-5e38-eb38125bc531}.Debug|Any CPU.ActiveCfg = Debug|Any CPU
		{a59d267a-e87d-f0a7-5e38-eb38125bc531}.Debug|Any CPU.Build.0 = Debug|Any CPU
		{a59d267a-e87d-f0a7-5e38-eb38125bc531}.Release|Any CPU.ActiveCfg = Release|Any CPU
		{a59d267a-e87d-f0a7-5e38-eb38125bc531}.Release|Any CPU.Build.0 = Release|Any CPU
		{fc5f64ab-3bed-1143-66c0-cd3cd14d65a4}.Debug|Any CPU.ActiveCfg = Debug|Any CPU
		{fc5f64ab-3bed-1143-66c0-cd3cd14d65a4}.Debug|Any CPU.Build.0 = Debug|Any CPU
		{fc5f64ab-3bed-1143-66c0-cd3cd14d65a4}.Release|Any CPU.ActiveCfg = Release|Any CPU
		{fc5f64ab-3bed-1143-66c0-cd3cd14d65a4}.Release|Any CPU.Build.0 = Release|Any CPU
		{bbcfad1b-f6ca-1327-e54a-9275dfd9ca60}.Debug|Any CPU.ActiveCfg = Debug|Any CPU
		{bbcfad1b-f6ca-1327-e54a-9275dfd9ca60}.Debug|Any CPU.Build.0 = Debug|Any CPU
		{bbcfad1b-f6ca-1327-e54a-9275dfd9ca60}.Release|Any CPU.ActiveCfg = Release|Any CPU
		{bbcfad1b-f6ca-1327-e54a-9275dfd9ca60}.Release|Any CPU.Build.0 = Release|Any CPU
		{8792754f-12c6-e32c-7131-955a0256f645}.Debug|Any CPU.ActiveCfg = Debug|Any CPU
		{8792754f-12c6-e32c-7131-955a0256f645}.Debug|Any CPU.Build.0 = Debug|Any CPU
		{8792754f-12c6-e32c-7131-955a0256f645}.Release|Any CPU.ActiveCfg = Release|Any CPU
		{8792754f-12c6-e32c-7131-955a0256f645}.Release|Any CPU.Build.0 = Release|Any CPU
		{8e1c0b1d-0e96-c3c1-d4e5-a6334c23965a}.Debug|Any CPU.ActiveCfg = Debug|Any CPU
		{8e1c0b1d-0e96-c3c1-d4e5-a6334c23965a}.Debug|Any CPU.Build.0 = Debug|Any CPU
		{8e1c0b1d-0e96-c3c1-d4e5-a6334c23965a}.Release|Any CPU.ActiveCfg = Release|Any CPU
		{8e1c0b1d-0e96-c3c1-d4e5-a6334c23965a}.Release|Any CPU.Build.0 = Release|Any CPU
		{0c062b7b-cfed-ecc8-e267-dd17bc1ed0ac}.Debug|Any CPU.ActiveCfg = Debug|Any CPU
		{0c062b7b-cfed-ecc8-e267-dd17bc1ed0ac}.Debug|Any CPU.Build.0 = Debug|Any CPU
		{0c062b7b-cfed-ecc8-e267-dd17bc1ed0ac}.Release|Any CPU.ActiveCfg = Release|Any CPU
		{0c062b7b-cfed-ecc8-e267-dd17bc1ed0ac}.Release|Any CPU.Build.0 = Release|Any CPU
		{594d0a24-a5c5-9891-20ed-5c6bc4340f2d}.Debug|Any CPU.ActiveCfg = Debug|Any CPU
		{594d0a24-a5c5-9891-20ed-5c6bc4340f2d}.Debug|Any CPU.Build.0 = Debug|Any CPU
		{594d0a24-a5c5-9891-20ed-5c6bc4340f2d}.Release|Any CPU.ActiveCfg = Release|Any CPU
		{594d0a24-a5c5-9891-20ed-5c6bc4340f2d}.Release|Any CPU.Build.0 = Release|Any CPU
		{1901ed34-b7da-1cff-4027-707ea9d9f0ff}.Debug|Any CPU.ActiveCfg = Debug|Any CPU
		{1901ed34-b7da-1cff-4027-707ea9d9f0ff}.Debug|Any CPU.Build.0 = Debug|Any CPU
		{1901ed34-b7da-1cff-4027-707ea9d9f0ff}.Release|Any CPU.ActiveCfg = Release|Any CPU
		{1901ed34-b7da-1cff-4027-707ea9d9f0ff}.Release|Any CPU.Build.0 = Release|Any CPU
		{af31bd39-761c-30d0-61e4-21c0e146305a}.Debug|Any CPU.ActiveCfg = Debug|Any CPU
		{af31bd39-761c-30d0-61e4-21c0e146305a}.Debug|Any CPU.Build.0 = Debug|Any CPU
		{af31bd39-761c-30d0-61e4-21c0e146305a}.Release|Any CPU.ActiveCfg = Release|Any CPU
		{af31bd39-761c-30d0-61e4-21c0e146305a}.Release|Any CPU.Build.0 = Release|Any CPU
		{c64e7c31-9c9c-f941-9ba3-e2719194c414}.Debug|Any CPU.ActiveCfg = Debug|Any CPU
		{c64e7c31-9c9c-f941-9ba3-e2719194c414}.Debug|Any CPU.Build.0 = Debug|Any CPU
		{c64e7c31-9c9c-f941-9ba3-e2719194c414}.Release|Any CPU.ActiveCfg = Release|Any CPU
		{c64e7c31-9c9c-f941-9ba3-e2719194c414}.Release|Any CPU.Build.0 = Release|Any CPU
		{f09aabc7-4d2b-791e-82cf-1c97a4fd4086}.Debug|Any CPU.ActiveCfg = Debug|Any CPU
		{f09aabc7-4d2b-791e-82cf-1c97a4fd4086}.Debug|Any CPU.Build.0 = Debug|Any CPU
		{f09aabc7-4d2b-791e-82cf-1c97a4fd4086}.Release|Any CPU.ActiveCfg = Release|Any CPU
		{f09aabc7-4d2b-791e-82cf-1c97a4fd4086}.Release|Any CPU.Build.0 = Release|Any CPU
		{f120dbd6-34f4-7060-5a98-6cc3084246e0}.Debug|Any CPU.ActiveCfg = Debug|Any CPU
		{f120dbd6-34f4-7060-5a98-6cc3084246e0}.Debug|Any CPU.Build.0 = Debug|Any CPU
		{f120dbd6-34f4-7060-5a98-6cc3084246e0}.Release|Any CPU.ActiveCfg = Release|Any CPU
		{f120dbd6-34f4-7060-5a98-6cc3084246e0}.Release|Any CPU.Build.0 = Release|Any CPU
		{0b279157-0363-8241-a654-2c5b5e715c57}.Debug|Any CPU.ActiveCfg = Debug|Any CPU
		{0b279157-0363-8241-a654-2c5b5e715c57}.Debug|Any CPU.Build.0 = Debug|Any CPU
		{0b279157-0363-8241-a654-2c5b5e715c57}.Release|Any CPU.ActiveCfg = Release|Any CPU
		{0b279157-0363-8241-a654-2c5b5e715c57}.Release|Any CPU.Build.0 = Release|Any CPU
		{e185b43f-efcb-9617-170b-967fa6011770}.Debug|Any CPU.ActiveCfg = Debug|Any CPU
		{e185b43f-efcb-9617-170b-967fa6011770}.Debug|Any CPU.Build.0 = Debug|Any CPU
		{e185b43f-efcb-9617-170b-967fa6011770}.Release|Any CPU.ActiveCfg = Release|Any CPU
		{e185b43f-efcb-9617-170b-967fa6011770}.Release|Any CPU.Build.0 = Release|Any CPU
		{8410f9cf-8c55-35f2-6dcc-1d7f12fc2ac7}.Debug|Any CPU.ActiveCfg = Debug|Any CPU
		{8410f9cf-8c55-35f2-6dcc-1d7f12fc2ac7}.Debug|Any CPU.Build.0 = Debug|Any CPU
		{8410f9cf-8c55-35f2-6dcc-1d7f12fc2ac7}.Release|Any CPU.ActiveCfg = Release|Any CPU
		{8410f9cf-8c55-35f2-6dcc-1d7f12fc2ac7}.Release|Any CPU.Build.0 = Release|Any CPU
		{326445b4-23eb-9109-518d-3727c9e88738}.Debug|Any CPU.ActiveCfg = Debug|Any CPU
		{326445b4-23eb-9109-518d-3727c9e88738}.Debug|Any CPU.Build.0 = Debug|Any CPU
		{326445b4-23eb-9109-518d-3727c9e88738}.Release|Any CPU.ActiveCfg = Release|Any CPU
		{326445b4-23eb-9109-518d-3727c9e88738}.Release|Any CPU.Build.0 = Release|Any CPU
		{33ae32d0-b1a3-be95-0d42-d1338d93c7b3}.Debug|Any CPU.ActiveCfg = Debug|Any CPU
		{33ae32d0-b1a3-be95-0d42-d1338d93c7b3}.Debug|Any CPU.Build.0 = Debug|Any CPU
		{33ae32d0-b1a3-be95-0d42-d1338d93c7b3}.Release|Any CPU.ActiveCfg = Release|Any CPU
		{33ae32d0-b1a3-be95-0d42-d1338d93c7b3}.Release|Any CPU.Build.0 = Release|Any CPU
		{243d935d-a461-11eb-4c08-34b51cd34482}.Debug|Any CPU.ActiveCfg = Debug|Any CPU
		{243d935d-a461-11eb-4c08-34b51cd34482}.Debug|Any CPU.Build.0 = Debug|Any CPU
		{243d935d-a461-11eb-4c08-34b51cd34482}.Release|Any CPU.ActiveCfg = Release|Any CPU
		{243d935d-a461-11eb-4c08-34b51cd34482}.Release|Any CPU.Build.0 = Release|Any CPU
		{27e5691a-1c9d-8597-0c0d-023406691e1d}.Debug|Any CPU.ActiveCfg = Debug|Any CPU
		{27e5691a-1c9d-8597-0c0d-023406691e1d}.Debug|Any CPU.Build.0 = Debug|Any CPU
		{27e5691a-1c9d-8597-0c0d-023406691e1d}.Release|Any CPU.ActiveCfg = Release|Any CPU
		{27e5691a-1c9d-8597-0c0d-023406691e1d}.Release|Any CPU.Build.0 = Release|Any CPU
		{c94d9984-fbb0-7b90-8bd5-9832017545fb}.Debug|Any CPU.ActiveCfg = Debug|Any CPU
		{c94d9984-fbb0-7b90-8bd5-9832017545fb}.Debug|Any CPU.Build.0 = Debug|Any CPU
		{c94d9984-fbb0-7b90-8bd5-9832017545fb}.Release|Any CPU.ActiveCfg = Release|Any CPU
		{c94d9984-fbb0-7b90-8bd5-9832017545fb}.Release|Any CPU.Build.0 = Release|Any CPU
		{2b74baf5-8496-a223-019c-3c310198c77e}.Debug|Any CPU.ActiveCfg = Debug|Any CPU
		{2b74baf5-8496-a223-019c-3c310198c77e}.Debug|Any CPU.Build.0 = Debug|Any CPU
		{2b74baf5-8496-a223-019c-3c310198c77e}.Release|Any CPU.ActiveCfg = Release|Any CPU
		{2b74baf5-8496-a223-019c-3c310198c77e}.Release|Any CPU.Build.0 = Release|Any CPU
		{1f3feede-c91d-5d62-35c8-4501fa624a5b}.Debug|Any CPU.ActiveCfg = Debug|Any CPU
		{1f3feede-c91d-5d62-35c8-4501fa624a5b}.Debug|Any CPU.Build.0 = Debug|Any CPU
		{1f3feede-c91d-5d62-35c8-4501fa624a5b}.Release|Any CPU.ActiveCfg = Release|Any CPU
		{1f3feede-c91d-5d62-35c8-4501fa624a5b}.Release|Any CPU.Build.0 = Release|Any CPU
		{8c088ce0-c54f-b0cf-4e43-24207e9d2c3b}.Debug|Any CPU.ActiveCfg = Debug|Any CPU
		{8c088ce0-c54f-b0cf-4e43-24207e9d2c3b}.Debug|Any CPU.Build.0 = Debug|Any CPU
		{8c088ce0-c54f-b0cf-4e43-24207e9d2c3b}.Release|Any CPU.ActiveCfg = Release|Any CPU
		{8c088ce0-c54f-b0cf-4e43-24207e9d2c3b}.Release|Any CPU.Build.0 = Release|Any CPU
		{a7aa89c8-7486-62c5-d692-d671c210b6ac}.Debug|Any CPU.ActiveCfg = Debug|Any CPU
		{a7aa89c8-7486-62c5-d692-d671c210b6ac}.Debug|Any CPU.Build.0 = Debug|Any CPU
		{a7aa89c8-7486-62c5-d692-d671c210b6ac}.Release|Any CPU.ActiveCfg = Release|Any CPU
		{a7aa89c8-7486-62c5-d692-d671c210b6ac}.Release|Any CPU.Build.0 = Release|Any CPU
		{d29d582d-dab1-404f-1dba-6e234bae4676}.Debug|Any CPU.ActiveCfg = Debug|Any CPU
		{d29d582d-dab1-404f-1dba-6e234bae4676}.Debug|Any CPU.Build.0 = Debug|Any CPU
		{d29d582d-dab1-404f-1dba-6e234bae4676}.Release|Any CPU.ActiveCfg = Release|Any CPU
		{d29d582d-dab1-404f-1dba-6e234bae4676}.Release|Any CPU.Build.0 = Release|Any CPU
		{18f23d40-3c51-0227-88b4-e4f1ff0d09af}.Debug|Any CPU.ActiveCfg = Debug|Any CPU
		{18f23d40-3c51-0227-88b4-e4f1ff0d09af}.Debug|Any CPU.Build.0 = Debug|Any CPU
		{18f23d40-3c51-0227-88b4-e4f1ff0d09af}.Release|Any CPU.ActiveCfg = Release|Any CPU
		{18f23d40-3c51-0227-88b4-e4f1ff0d09af}.Release|Any CPU.Build.0 = Release|Any CPU
		{5c796ff7-2e6e-e0a3-542f-d87f22d98914}.Debug|Any CPU.ActiveCfg = Debug|Any CPU
		{5c796ff7-2e6e-e0a3-542f-d87f22d98914}.Debug|Any CPU.Build.0 = Debug|Any CPU
		{5c796ff7-2e6e-e0a3-542f-d87f22d98914}.Release|Any CPU.ActiveCfg = Release|Any CPU
		{5c796ff7-2e6e-e0a3-542f-d87f22d98914}.Release|Any CPU.Build.0 = Release|Any CPU
		{ebeeeae8-2917-1409-3bcf-556324738173}.Debug|Any CPU.ActiveCfg = Debug|Any CPU
		{ebeeeae8-2917-1409-3bcf-556324738173}.Debug|Any CPU.Build.0 = Debug|Any CPU
		{ebeeeae8-2917-1409-3bcf-556324738173}.Release|Any CPU.ActiveCfg = Release|Any CPU
		{ebeeeae8-2917-1409-3bcf-556324738173}.Release|Any CPU.Build.0 = Release|Any CPU
		{99f2055c-158e-39e9-4d4b-31add0cb54fa}.Debug|Any CPU.ActiveCfg = Debug|Any CPU
		{99f2055c-158e-39e9-4d4b-31add0cb54fa}.Debug|Any CPU.Build.0 = Debug|Any CPU
		{99f2055c-158e-39e9-4d4b-31add0cb54fa}.Release|Any CPU.ActiveCfg = Release|Any CPU
		{99f2055c-158e-39e9-4d4b-31add0cb54fa}.Release|Any CPU.Build.0 = Release|Any CPU
		{7b2bf52d-e73e-327f-d508-17437837b5fe}.Debug|Any CPU.ActiveCfg = Debug|Any CPU
		{7b2bf52d-e73e-327f-d508-17437837b5fe}.Debug|Any CPU.Build.0 = Debug|Any CPU
		{7b2bf52d-e73e-327f-d508-17437837b5fe}.Release|Any CPU.ActiveCfg = Release|Any CPU
		{7b2bf52d-e73e-327f-d508-17437837b5fe}.Release|Any CPU.Build.0 = Release|Any CPU
		{cbb739f8-b110-becc-fce5-26821d5b25df}.Debug|Any CPU.ActiveCfg = Debug|Any CPU
		{cbb739f8-b110-becc-fce5-26821d5b25df}.Debug|Any CPU.Build.0 = Debug|Any CPU
		{cbb739f8-b110-becc-fce5-26821d5b25df}.Release|Any CPU.ActiveCfg = Release|Any CPU
		{cbb739f8-b110-becc-fce5-26821d5b25df}.Release|Any CPU.Build.0 = Release|Any CPU
		{c3707dfd-2943-31b5-bfc8-67789623fa4a}.Debug|Any CPU.ActiveCfg = Debug|Any CPU
		{c3707dfd-2943-31b5-bfc8-67789623fa4a}.Debug|Any CPU.Build.0 = Debug|Any CPU
		{c3707dfd-2943-31b5-bfc8-67789623fa4a}.Release|Any CPU.ActiveCfg = Release|Any CPU
		{c3707dfd-2943-31b5-bfc8-67789623fa4a}.Release|Any CPU.Build.0 = Release|Any CPU
		{422b2b80-77bb-6608-ff25-7041487cbeca}.Debug|Any CPU.ActiveCfg = Debug|Any CPU
		{422b2b80-77bb-6608-ff25-7041487cbeca}.Debug|Any CPU.Build.0 = Debug|Any CPU
		{422b2b80-77bb-6608-ff25-7041487cbeca}.Release|Any CPU.ActiveCfg = Release|Any CPU
		{422b2b80-77bb-6608-ff25-7041487cbeca}.Release|Any CPU.Build.0 = Release|Any CPU
		{045bcf6a-d6b2-83a9-1413-f335eda1aef4}.Debug|Any CPU.ActiveCfg = Debug|Any CPU
		{045bcf6a-d6b2-83a9-1413-f335eda1aef4}.Debug|Any CPU.Build.0 = Debug|Any CPU
		{045bcf6a-d6b2-83a9-1413-f335eda1aef4}.Release|Any CPU.ActiveCfg = Release|Any CPU
		{045bcf6a-d6b2-83a9-1413-f335eda1aef4}.Release|Any CPU.Build.0 = Release|Any CPU
		{8e3dca2c-a45d-1cca-449a-7edc1cbfe394}.Debug|Any CPU.ActiveCfg = Debug|Any CPU
		{8e3dca2c-a45d-1cca-449a-7edc1cbfe394}.Debug|Any CPU.Build.0 = Debug|Any CPU
		{8e3dca2c-a45d-1cca-449a-7edc1cbfe394}.Release|Any CPU.ActiveCfg = Release|Any CPU
		{8e3dca2c-a45d-1cca-449a-7edc1cbfe394}.Release|Any CPU.Build.0 = Release|Any CPU
		{06542045-f4cb-559c-aa82-48fbbd37d963}.Debug|Any CPU.ActiveCfg = Debug|Any CPU
		{06542045-f4cb-559c-aa82-48fbbd37d963}.Debug|Any CPU.Build.0 = Debug|Any CPU
		{06542045-f4cb-559c-aa82-48fbbd37d963}.Release|Any CPU.ActiveCfg = Release|Any CPU
		{06542045-f4cb-559c-aa82-48fbbd37d963}.Release|Any CPU.Build.0 = Release|Any CPU
		{12b3156e-1dc0-d716-d72f-c4a3edae9232}.Debug|Any CPU.ActiveCfg = Debug|Any CPU
		{12b3156e-1dc0-d716-d72f-c4a3edae9232}.Debug|Any CPU.Build.0 = Debug|Any CPU
		{12b3156e-1dc0-d716-d72f-c4a3edae9232}.Release|Any CPU.ActiveCfg = Release|Any CPU
		{12b3156e-1dc0-d716-d72f-c4a3edae9232}.Release|Any CPU.Build.0 = Release|Any CPU
		{c54b6318-b57c-9c5c-e517-a0bfa32b4243}.Debug|Any CPU.ActiveCfg = Debug|Any CPU
		{c54b6318-b57c-9c5c-e517-a0bfa32b4243}.Debug|Any CPU.Build.0 = Debug|Any CPU
		{c54b6318-b57c-9c5c-e517-a0bfa32b4243}.Release|Any CPU.ActiveCfg = Release|Any CPU
		{c54b6318-b57c-9c5c-e517-a0bfa32b4243}.Release|Any CPU.Build.0 = Release|Any CPU
		{1fbbeb8c-0458-8508-9323-c38319fc9c7c}.Debug|Any CPU.ActiveCfg = Debug|Any CPU
		{1fbbeb8c-0458-8508-9323-c38319fc9c7c}.Debug|Any CPU.Build.0 = Debug|Any CPU
		{1fbbeb8c-0458-8508-9323-c38319fc9c7c}.Release|Any CPU.ActiveCfg = Release|Any CPU
		{1fbbeb8c-0458-8508-9323-c38319fc9c7c}.Release|Any CPU.Build.0 = Release|Any CPU
		{eadbc660-0fc9-d6f7-3d0d-ca58588309e2}.Debug|Any CPU.ActiveCfg = Debug|Any CPU
		{eadbc660-0fc9-d6f7-3d0d-ca58588309e2}.Debug|Any CPU.Build.0 = Debug|Any CPU
		{eadbc660-0fc9-d6f7-3d0d-ca58588309e2}.Release|Any CPU.ActiveCfg = Release|Any CPU
		{eadbc660-0fc9-d6f7-3d0d-ca58588309e2}.Release|Any CPU.Build.0 = Release|Any CPU
	EndGlobalSection
	GlobalSection(SolutionProperties) = preSolution
		HideSolutionNode = FALSE
	EndGlobalSection
EndGlobal
